version: 1
library:
  id: trellis-library
  source: local
  source_path: /ops/projects/personal/ai-coding-toolkit/trellis-library
  manifest_version: 1
  manifest_checksum: c58e93a12e102bd34c78af3dc87fe6b4311131475cdb29307bf9c6fda2ca3ddf
  imported_at: '2026-03-18T22:22:05+08:00'
project:
  target_root: /ops/projects/personal/ai-coding-toolkit
  trellis_root: /ops/projects/personal/ai-coding-toolkit/.trellis
selection:
  packs: []
  assets:
  - spec.universal-domains.product-and-requirements.problem-definition
  - spec.universal-domains.product-and-requirements.requirement-clarification
  - spec.universal-domains.product-and-requirements.scope-boundary
  - spec.universal-domains.verification.evidence-requirements
  - spec.universal-domains.product-and-requirements.acceptance-criteria
  - spec.universal-domains.project-governance.change-management
  - spec.universal-domains.verification.verification-gates
  - spec.universal-domains.project-governance.risk-tiering
  - spec.universal-domains.project-governance.library-sync-governance
imports:
- asset_id: spec.universal-domains.product-and-requirements.problem-definition
  type: spec
  source_path: specs/universal-domains/product-and-requirements/problem-definition
  target_path: .trellis/spec/universal-domains/product-and-requirements/problem-definition
  import_mode: directory
  source_version: 1.0.0
  source_checksum: ad3c71fbb3d17998a2b09413fffd7cda37b6e2bb5bb53b5a00968828f4c53148
  imported_at: '2026-03-18T22:22:05+08:00'
  upstream_sync: follow-upstream
  local_state: clean
  last_local_scan_at: null
  last_local_checksum: ad3c71fbb3d17998a2b09413fffd7cda37b6e2bb5bb53b5a00968828f4c53148
  contribution:
    eligible: true
    mode: selective
    reviewed: false
    proposed: false
    last_proposed_at: null
  relations:
    depends_on: []
    sync_targets: []
  notes: ''
- asset_id: spec.universal-domains.product-and-requirements.requirement-clarification
  type: spec
  source_path: specs/universal-domains/product-and-requirements/requirement-clarification
  target_path: .trellis/spec/universal-domains/product-and-requirements/requirement-clarification
  import_mode: directory
  source_version: 1.0.0
  source_checksum: 654cebd10aba50b038a42e1025ce4775a5cc9be3786f0273ca423914333c8e11
  imported_at: '2026-03-18T22:22:05+08:00'
  upstream_sync: follow-upstream
  local_state: clean
  last_local_scan_at: null
  last_local_checksum: 654cebd10aba50b038a42e1025ce4775a5cc9be3786f0273ca423914333c8e11
  contribution:
    eligible: true
    mode: selective
    reviewed: false
    proposed: false
    last_proposed_at: null
  relations:
    depends_on:
    - spec.universal-domains.product-and-requirements.problem-definition
    sync_targets: []
  notes: ''
- asset_id: spec.universal-domains.product-and-requirements.scope-boundary
  type: spec
  source_path: specs/universal-domains/product-and-requirements/scope-boundary
  target_path: .trellis/spec/universal-domains/product-and-requirements/scope-boundary
  import_mode: directory
  source_version: 1.0.0
  source_checksum: 2c5a2cf73e3a8f5e3874ce1d292f849f22b5a121545fc2569250055195d1f20c
  imported_at: '2026-03-18T22:22:05+08:00'
  upstream_sync: follow-upstream
  local_state: clean
  last_local_scan_at: null
  last_local_checksum: 2c5a2cf73e3a8f5e3874ce1d292f849f22b5a121545fc2569250055195d1f20c
  contribution:
    eligible: true
    mode: selective
    reviewed: false
    proposed: false
    last_proposed_at: null
  relations:
    depends_on:
    - spec.universal-domains.product-and-requirements.problem-definition
    sync_targets: []
  notes: ''
- asset_id: spec.universal-domains.verification.evidence-requirements
  type: spec
  source_path: specs/universal-domains/verification/evidence-requirements
  target_path: .trellis/spec/universal-domains/verification/evidence-requirements
  import_mode: directory
  source_version: 1.0.0
  source_checksum: cf4ddb98e5b487e4c7add46a5452778f2ce5e6a031910fcd50efbb6651c6df5b
  imported_at: '2026-03-18T22:22:05+08:00'
  upstream_sync: follow-upstream
  local_state: clean
  last_local_scan_at: null
  last_local_checksum: cf4ddb98e5b487e4c7add46a5452778f2ce5e6a031910fcd50efbb6651c6df5b
  contribution:
    eligible: true
    mode: selective
    reviewed: false
    proposed: false
    last_proposed_at: null
  relations:
    depends_on: []
    sync_targets: []
  notes: ''
- asset_id: spec.universal-domains.product-and-requirements.acceptance-criteria
  type: spec
  source_path: specs/universal-domains/product-and-requirements/acceptance-criteria
  target_path: .trellis/spec/universal-domains/product-and-requirements/acceptance-criteria
  import_mode: directory
  source_version: 1.0.0
  source_checksum: d1ac7e7f2a2aa55ce47f0fa6a5dce0d6b0421baceb72e2ba157391e50389f683
  imported_at: '2026-03-18T22:22:05+08:00'
  upstream_sync: follow-upstream
  local_state: clean
  last_local_scan_at: null
  last_local_checksum: d1ac7e7f2a2aa55ce47f0fa6a5dce0d6b0421baceb72e2ba157391e50389f683
  contribution:
    eligible: true
    mode: selective
    reviewed: false
    proposed: false
    last_proposed_at: null
  relations:
    depends_on:
    - spec.universal-domains.product-and-requirements.scope-boundary
    - spec.universal-domains.verification.evidence-requirements
    sync_targets: []
  notes: ''
- asset_id: spec.universal-domains.project-governance.change-management
  type: spec
  source_path: specs/universal-domains/project-governance/change-management
  target_path: .trellis/spec/universal-domains/project-governance/change-management
  import_mode: directory
  source_version: 1.0.0
  source_checksum: d1268628965d89d621639b67449acde12b57387d8cc7806110b47e6f65f21f53
  imported_at: '2026-03-18T22:22:05+08:00'
  upstream_sync: follow-upstream
  local_state: clean
  last_local_scan_at: null
  last_local_checksum: d1268628965d89d621639b67449acde12b57387d8cc7806110b47e6f65f21f53
  contribution:
    eligible: true
    mode: selective
    reviewed: false
    proposed: false
    last_proposed_at: null
  relations:
    depends_on:
    - spec.universal-domains.product-and-requirements.scope-boundary
    sync_targets: []
  notes: ''
- asset_id: spec.universal-domains.verification.verification-gates
  type: spec
  source_path: specs/universal-domains/verification/verification-gates
  target_path: .trellis/spec/universal-domains/verification/verification-gates
  import_mode: directory
  source_version: 1.0.0
  source_checksum: 59bdc4fe900a313b232aa1b0ba8ce3281dc4004362d1f290322a2807daa6a236
  imported_at: '2026-03-18T22:22:05+08:00'
  upstream_sync: follow-upstream
  local_state: clean
  last_local_scan_at: null
  last_local_checksum: 59bdc4fe900a313b232aa1b0ba8ce3281dc4004362d1f290322a2807daa6a236
  contribution:
    eligible: true
    mode: selective
    reviewed: false
    proposed: false
    last_proposed_at: null
  relations:
    depends_on: []
    sync_targets: []
  notes: ''
- asset_id: spec.universal-domains.project-governance.risk-tiering
  type: spec
  source_path: specs/universal-domains/project-governance/risk-tiering
  target_path: .trellis/spec/universal-domains/project-governance/risk-tiering
  import_mode: directory
  source_version: 1.0.0
  source_checksum: 17637fd9b1e8501e2cf257e6e8b10a81f5192fcce965056be078dd2215d35116
  imported_at: '2026-03-18T22:22:05+08:00'
  upstream_sync: follow-upstream
  local_state: clean
  last_local_scan_at: null
  last_local_checksum: 17637fd9b1e8501e2cf257e6e8b10a81f5192fcce965056be078dd2215d35116
  contribution:
    eligible: true
    mode: selective
    reviewed: false
    proposed: false
    last_proposed_at: null
  relations:
    depends_on:
    - spec.universal-domains.verification.verification-gates
    sync_targets: []
  notes: ''
- asset_id: spec.universal-domains.project-governance.library-sync-governance
  type: spec
  source_path: specs/universal-domains/project-governance/library-sync-governance
  target_path: .trellis/spec/universal-domains/project-governance/library-sync-governance
  import_mode: directory
  source_version: 1.0.0
  source_checksum: d358b848015554ec7763e9979f89e38b4390cbdc3921928a8d90587cfadb00d0
  imported_at: '2026-03-18T22:22:05+08:00'
  upstream_sync: follow-upstream
  local_state: clean
  last_local_scan_at: null
  last_local_checksum: d358b848015554ec7763e9979f89e38b4390cbdc3921928a8d90587cfadb00d0
  contribution:
    eligible: true
    mode: selective
    reviewed: false
    proposed: false
    last_proposed_at: null
  relations:
    depends_on:
    - script.validation.validate-library-sync
    - script.validation.validate-links
    - script.validation.validate-overview-links
    sync_targets: []
  notes: ''
compiled:
  enabled: false
  last_built_at: null
  outputs: []
sync:
  last_sync_at: null
  last_sync_status: never
  last_diff_at: null
  last_diff_status: never
  local_overrides: []
history: []
