version: 1
library:
  id: trellis-library
  source: local
  source_path: /ops/projects/personal/ai-coding-toolkit/trellis-library
  manifest_version: 1
  manifest_checksum: c58e93a12e102bd34c78af3dc87fe6b4311131475cdb29307bf9c6fda2ca3ddf
  imported_at: '2026-03-18T22:22:05+08:00'
project:
  target_root: /ops/projects/personal/ai-coding-toolkit
  trellis_root: /ops/projects/personal/ai-coding-toolkit/.trellis
selection:
  packs: []
  assets: []
imports: []
compiled:
  enabled: false
  last_built_at: null
  outputs: []
sync:
  last_sync_at: null
  last_sync_status: never
  last_diff_at: null
  last_diff_status: never
  local_overrides: []
history: []
